
Microsoft Visual Studio Solution File, Format Version 12.00
# Visual Studio Version 16
VisualStudioVersion = 16.0.31112.23
MinimumVisualStudioVersion = 10.0.40219.1
Project("{FAE04EC0-301F-11D3-BF4B-00C04F79EFBC}") = "AccoutingVolunteers", "AccoutingVolunteers\AccoutingVolunteers.csproj", "{6C974D6B-C661-4B61-90AC-C2A89A8EF940}"
EndProject
Global
	GlobalSection(SolutionConfigurationPlatforms) = preSolution
		Debug|Any CPU = Debug|Any CPU
		Release|Any CPU = Release|Any CPU
	EndGlobalSection
	GlobalSection(ProjectConfigurationPlatforms) = postSolution
		{6C974D6B-C661-4B61-90AC-C2A89A8EF940}.Debug|Any CPU.ActiveCfg = Debug|Any CPU
		{6C974D6B-C661-4B61-90AC-C2A89A8EF940}.Debug|Any CPU.Build.0 = Debug|Any CPU
		{6C974D6B-C661-4B61-90AC-C2A89A8EF940}.Release|Any CPU.ActiveCfg = Release|Any CPU
		{6C974D6B-C661-4B61-90AC-C2A89A8EF940}.Release|Any CPU.Build.0 = Release|Any CPU
	EndGlobalSection
	GlobalSection(SolutionProperties) = preSolution
		HideSolutionNode = FALSE
	EndGlobalSection
	GlobalSection(ExtensibilityGlobals) = postSolution
		SolutionGuid = {20729F7C-5828-4F13-9F65-0C47758732C0}
	EndGlobalSection
EndGlobal
